
Microsoft Visual Studio Solution File, Format Version 12.00
# Visual Studio Version 17
VisualStudioVersion = 17.8.34330.188
MinimumVisualStudioVersion = 10.0.40219.1
Project("{FAE04EC0-301F-11D3-BF4B-00C04F79EFBC}") = "Library_BD", "Library_BD.csproj", "{21D051F9-3E53-4CF6-8EDC-C9E5A83DB6D3}"
EndProject
Global
	GlobalSection(SolutionConfigurationPlatforms) = preSolution
		Debug|Any CPU = Debug|Any CPU
		Release|Any CPU = Release|Any CPU
	EndGlobalSection
	GlobalSection(ProjectConfigurationPlatforms) = postSolution
		{21D051F9-3E53-4CF6-8EDC-C9E5A83DB6D3}.Debug|Any CPU.ActiveCfg = Debug|Any CPU
		{21D051F9-3E53-4CF6-8EDC-C9E5A83DB6D3}.Debug|Any CPU.Build.0 = Debug|Any CPU
		{21D051F9-3E53-4CF6-8EDC-C9E5A83DB6D3}.Release|Any CPU.ActiveCfg = Release|Any CPU
		{21D051F9-3E53-4CF6-8EDC-C9E5A83DB6D3}.Release|Any CPU.Build.0 = Release|Any CPU
	EndGlobalSection
	GlobalSection(SolutionProperties) = preSolution
		HideSolutionNode = FALSE
	EndGlobalSection
	GlobalSection(ExtensibilityGlobals) = postSolution
		SolutionGuid = {59B9D6CA-B9BF-48B6-B6A6-B7ECA756BAE0}
	EndGlobalSection
EndGlobal
